
Microsoft Visual Studio Solution File, Format Version 12.00
# Visual Studio Version 17
VisualStudioVersion = 17.9.34622.214
MinimumVisualStudioVersion = 10.0.40219.1
Project("{8BC9CEB8-8B4A-11D0-8D11-00A0C91BC942}") = "ConsoleApplication1", "ConsoleApplication1.vcxproj", "{1418A065-D9E1-4429-8BC1-B93D80DFFAA9}"
EndProject
Project("{8BC9CEB8-8B4A-11D0-8D11-00A0C91BC942}") = "WindowsForms", "..\WindowsForms\WindowsForms.vcxproj", "{29B1D35B-4270-4FC9-841B-109A0A3A2450}"
EndProject
Global
	GlobalSection(SolutionConfigurationPlatforms) = preSolution
		Debug|x64 = Debug|x64
		Debug|x86 = Debug|x86
		Release|x64 = Release|x64
		Release|x86 = Release|x86
	EndGlobalSection
	GlobalSection(ProjectConfigurationPlatforms) = postSolution
		{1418A065-D9E1-4429-8BC1-B93D80DFFAA9}.Debug|x64.ActiveCfg = Debug|x64
		{1418A065-D9E1-4429-8BC1-B93D80DFFAA9}.Debug|x64.Build.0 = Debug|x64
		{1418A065-D9E1-4429-8BC1-B93D80DFFAA9}.Debug|x86.ActiveCfg = Debug|Win32
		{1418A065-D9E1-4429-8BC1-B93D80DFFAA9}.Debug|x86.Build.0 = Debug|Win32
		{1418A065-D9E1-4429-8BC1-B93D80DFFAA9}.Release|x64.ActiveCfg = Release|x64
		{1418A065-D9E1-4429-8BC1-B93D80DFFAA9}.Release|x64.Build.0 = Release|x64
		{1418A065-D9E1-4429-8BC1-B93D80DFFAA9}.Release|x86.ActiveCfg = Release|Win32
		{1418A065-D9E1-4429-8BC1-B93D80DFFAA9}.Release|x86.Build.0 = Release|Win32
		{29B1D35B-4270-4FC9-841B-109A0A3A2450}.Debug|x64.ActiveCfg = Debug|x64
		{29B1D35B-4270-4FC9-841B-109A0A3A2450}.Debug|x64.Build.0 = Debug|x64
		{29B1D35B-4270-4FC9-841B-109A0A3A2450}.Debug|x86.ActiveCfg = Debug|Win32
		{29B1D35B-4270-4FC9-841B-109A0A3A2450}.Debug|x86.Build.0 = Debug|Win32
		{29B1D35B-4270-4FC9-841B-109A0A3A2450}.Release|x64.ActiveCfg = Release|x64
		{29B1D35B-4270-4FC9-841B-109A0A3A2450}.Release|x64.Build.0 = Release|x64
		{29B1D35B-4270-4FC9-841B-109A0A3A2450}.Release|x86.ActiveCfg = Release|Win32
		{29B1D35B-4270-4FC9-841B-109A0A3A2450}.Release|x86.Build.0 = Release|Win32
	EndGlobalSection
	GlobalSection(SolutionProperties) = preSolution
		HideSolutionNode = FALSE
	EndGlobalSection
	GlobalSection(ExtensibilityGlobals) = postSolution
		SolutionGuid = {6876ACD2-D9E5-4CF5-8DBB-5F5975B9861D}
	EndGlobalSection
EndGlobal
